
Microsoft Visual Studio Solution File, Format Version 12.00
# Visual Studio Version 16
VisualStudioVersion = 16.0.31313.79
MinimumVisualStudioVersion = 10.0.40219.1
Project("{FAE04EC0-301F-11D3-BF4B-00C04F79EFBC}") = "Text", "Text\Text.csproj", "{7A677292-E1AA-47BF-9A6C-A18F6C0F03D3}"
EndProject
Global
	GlobalSection(SolutionConfigurationPlatforms) = preSolution
		Debug|Any CPU = Debug|Any CPU
		Release|Any CPU = Release|Any CPU
	EndGlobalSection
	GlobalSection(ProjectConfigurationPlatforms) = postSolution
		{7A677292-E1AA-47BF-9A6C-A18F6C0F03D3}.Debug|Any CPU.ActiveCfg = Debug|Any CPU
		{7A677292-E1AA-47BF-9A6C-A18F6C0F03D3}.Debug|Any CPU.Build.0 = Debug|Any CPU
		{7A677292-E1AA-47BF-9A6C-A18F6C0F03D3}.Release|Any CPU.ActiveCfg = Release|Any CPU
		{7A677292-E1AA-47BF-9A6C-A18F6C0F03D3}.Release|Any CPU.Build.0 = Release|Any CPU
	EndGlobalSection
	GlobalSection(SolutionProperties) = preSolution
		HideSolutionNode = FALSE
	EndGlobalSection
	GlobalSection(ExtensibilityGlobals) = postSolution
		SolutionGuid = {9F979424-B147-41DC-8E9F-B50B1BA9D6FE}
	EndGlobalSection
EndGlobal
